# THIS IS AN AUTOGENERATED FILE. DO NOT EDIT THIS FILE DIRECTLY.
# yarn lockfile v1


fsevents@~2.1.2:
  version "2.1.3"
  resolved "https://registry.yarnpkg.com/fsevents/-/fsevents-2.1.3.tgz#fb738703ae8d2f9fe900c33836ddebee8b97f23e"
  integrity sha512-Auw9a4AxqWpa9GUfj370BMPzzyncfBABW8Mab7BGWBYDj4Isgq+cDKtx0i6u9jcX9pQDnswsaaOTgTmA5pEjuQ==

notyf@^3.7.0:
  version "3.7.0"
  resolved "https://registry.yarnpkg.com/notyf/-/notyf-3.7.0.tgz#adeaab5482fa25259c3682d2aaf5bf3d37cb0421"
  integrity sha512-YLku5YhncldCrSK/KeRAa3b+G6ylEjSbAWqZcF2NccWNUYhOk9bEvxyKgrZ04bBCmzNKEn6fOKYreYkRfNFYzA==

rollup@^2.20.0:
  version "2.20.0"
  resolved "https://registry.yarnpkg.com/rollup/-/rollup-2.20.0.tgz#7456fed8424a5247954958751642e9fdd0ad7485"
  integrity sha512-hkbp//ne1om8+PQRpd81zk0KDvbJxkLZdZJh1ZNxjd1EkI0H1TmYuHqqXx88yciS+5YnMom3geubQjTeeUnNNw==
  optionalDependencies:
    fsevents "~2.1.2"

svelte-routing@^1.4.2:
  version "1.4.2"
  resolved "https://registry.yarnpkg.com/svelte-routing/-/svelte-routing-1.4.2.tgz#291160b537c9c73e711731eb099c48bb24cc3419"
  integrity sha512-CSCKRLeOp9vjsDGGOEgL9DPm9HZLgZuTNehyTCl3K+6fCVH1Aw/K/WicavAVNcbsHmdR4wgF//0YVR9hrcdvGA==
