# THIS IS AN AUTOGENERATED FILE. DO NOT EDIT THIS FILE DIRECTLY.
# yarn lockfile v1


"@feathersjs/adapter-commons@^4.3.6":
  version "4.5.2"
  resolved "https://registry.yarnpkg.com/@feathersjs/adapter-commons/-/adapter-commons-4.5.2.tgz#10fdf4f6b305b313fb8b4dcc52838e3d89d57279"
  integrity sha512-7NF4WO/R0OOZo6/mPnMml4Hz+Ynr0JMCp4TDO6JIf3ITAwc78A7b6jrORw1sw3Cq3hkD0sC342sk7mRk3BwPDg==
  dependencies:
    "@feathersjs/commons" "^4.5.2"
    "@feathersjs/errors" "^4.5.2"
    "@feathersjs/feathers" "^4.5.2"

"@feathersjs/commons@^4.3.0", "@feathersjs/commons@^4.5.2", "@feathersjs/commons@^4.5.5":
  version "4.5.5"
  resolved "https://registry.yarnpkg.com/@feathersjs/commons/-/commons-4.5.5.tgz#bef2abdfaeeb7860b4681f0f0ca1c1613d3f9847"
  integrity sha512-pY1yyrK6kMcdq5cdLkTtGQlsFoT3kexiSXwPc7weXPTRhpqWyZ49c5iy+6JxwyQKaMQUZCfK0KQ3CxlVdTMCQQ==

"@feathersjs/errors@^4.3.4", "@feathersjs/errors@^4.5.2", "@feathersjs/errors@^4.5.5":
  version "4.5.5"
  resolved "https://registry.yarnpkg.com/@feathersjs/errors/-/errors-4.5.5.tgz#04a520926db6e1b42d0fa6723708fde567af017d"
  integrity sha512-VY4OgdazSmWtmTLbr+/G/NDVKiN/3zmEVR1ngw3lgn4BGSoiohbm3m2TQ6ySROzBTpvUjQEhAQzlhlt6+1268w==
  dependencies:
    debug "^4.1.1"

"@feathersjs/feathers@^4.5.2", "@feathersjs/feathers@^4.5.5":
  version "4.5.5"
  resolved "https://registry.yarnpkg.com/@feathersjs/feathers/-/feathers-4.5.5.tgz#45c1522950036ee3c863e7c49c9b90b024dc516d"
  integrity sha512-H/7ZI7Xomr/5CcmGgdw8yOlskMPdtGpjnm88HUeOhOOlpdm1gSMWVzGp2Uxw94DOy0SxY+6UgIi535xTvelvxg==
  dependencies:
    "@feathersjs/commons" "^4.5.5"
    debug "^4.1.1"
    events "^3.1.0"
    uberproto "^2.0.6"

"@feathersjs/socketio-client@^4.5.6":
  version "4.5.6"
  resolved "https://registry.yarnpkg.com/@feathersjs/socketio-client/-/socketio-client-4.5.6.tgz#24120eb42aaa4a8e9052da7d1831485c6fc33696"
  integrity sha512-eUoQCPmhEo6ypuOQFd6v0hbg+fMl8ayYNNB5s7i2fSUCOfofZzMsb/TafLkWDXyzc9Gb5MFs7wK7jUox29YKpQ==
  dependencies:
    "@feathersjs/transport-commons" "^4.5.5"
    "@types/socket.io-client" "^1.4.33"

"@feathersjs/transport-commons@^4.5.5":
  version "4.5.5"
  resolved "https://registry.yarnpkg.com/@feathersjs/transport-commons/-/transport-commons-4.5.5.tgz#08327177948b9d53bc54ac2f52905b4eea7d90e5"
  integrity sha512-vCe2daomT7fv1hUDBZEhKWvGC33AdjOcDCZvT2Nu49DNjXTVUN+MzFYDB/ekzXd4A849aI2uurvtwQApWKX1NQ==
  dependencies:
    "@feathersjs/commons" "^4.5.5"
    "@feathersjs/errors" "^4.5.5"
    debug "^4.1.1"
    lodash "^4.17.19"
    radix-router "^3.0.1"

"@most/adapter@^1.0.0":
  version "1.0.0"
  resolved "https://registry.yarnpkg.com/@most/adapter/-/adapter-1.0.0.tgz#075703c72ec1131856ea33e4e29171311fc094af"
  integrity sha512-+ECkLCTgKqc+uFK7q/fp2elaZahNRS1Tjz0XAu5QOiMynxJt8qN8LR+fuSoRZdhzQ0/+4nWf44X/x2fWUKe8fQ==
  dependencies:
    "@most/types" "^1.0.1"

"@most/core@^1.5.0":
  version "1.5.0"
  resolved "https://registry.yarnpkg.com/@most/core/-/core-1.5.0.tgz#b36b3620724e37ac3552659c1d71948958beb345"
  integrity sha512-cI8KTkjaipRVQvf4vrwhqNtY7cTzF9YaI85TU6mHEgjRMeTSS9qgBv6z6wXUePgnbwf11uVgSERZ8PZRDPE2HA==
  dependencies:
    "@most/disposable" "^1.2.2"
    "@most/prelude" "^1.7.3"
    "@most/scheduler" "^1.2.3"
    "@most/types" "^1.0.2"

"@most/disposable@^1.2.2":
  version "1.2.2"
  resolved "https://registry.yarnpkg.com/@most/disposable/-/disposable-1.2.2.tgz#1f9dfcc1b9d73165436eee34ddedc2e70d7be695"
  integrity sha512-05u3obo0sDuh1PGw1BS6VEhgJTLkPMyGHOAvSJMSk2tArgBvhMvjayl8fU4DEKO7r+3aTg7F9Stnr1T61578yQ==
  dependencies:
    "@most/prelude" "^1.7.3"
    "@most/types" "^1.0.2"

"@most/prelude@^1.7.3":
  version "1.7.3"
  resolved "https://registry.yarnpkg.com/@most/prelude/-/prelude-1.7.3.tgz#51db3f3ba3ed65431b6eea89ecb0a31826af640c"
  integrity sha512-qWWEnA22UP1lzFfKx75XMut6DUUXGRKe7qv2k+Bgs7ju8lwb5RjsZYyQZ+VcsYvHcIavHKzseLlBMLOe2CvUZw==

"@most/scheduler@^1.2.3":
  version "1.2.3"
  resolved "https://registry.yarnpkg.com/@most/scheduler/-/scheduler-1.2.3.tgz#7cb97904a23bbfcb2664c60ea4fe047d7b5572f7"
  integrity sha512-OpykYNwUIe7/InAs0ftSIkQULJajM6ghmYDeJ0yv9xcLmi5NyAtOOyUdIxlfqi7xHWRiD2iQuuJXHGyqFsKCsw==
  dependencies:
    "@most/prelude" "^1.7.3"
    "@most/types" "^1.0.2"

"@most/types@^1.0.1", "@most/types@^1.0.2":
  version "1.0.2"
  resolved "https://registry.yarnpkg.com/@most/types/-/types-1.0.2.tgz#a272c919a3dafe942bd02d63402f0548593af870"
  integrity sha512-ZVkDwaiuGVTXywADeJ3aUBsD41UURldIljlsSTMdiWfhVEOY7dsY8iq+9wFUjRZYjhnpn9tLiOHaqyjbxm1prg==

"@tensorflow-models/mobilenet@^2.0.4":
  version "2.0.4"
  resolved "https://registry.yarnpkg.com/@tensorflow-models/mobilenet/-/mobilenet-2.0.4.tgz#7f40771fcc650f50febd49be72372d39c15f6f95"
  integrity sha512-fkcxDBldlYitDCV88xETwAQoBIC8xYKdDu80uBDuBZBfNC4k/jeVbZHM28WjvTDsJN7d7dYO4NbIkRAH0XHKSQ==

"@tensorflow/tfjs-core@^2.0.1":
  version "2.0.1"
  resolved "https://registry.yarnpkg.com/@tensorflow/tfjs-core/-/tfjs-core-2.0.1.tgz#c64928423028e9e1821f7205367b1ff1f57ae3af"
  integrity sha512-LCmEXeGFgR3ai+ywGDYBqt4aCOSzEBlVKEflF1gAT22YcQuYh+/X4f58jY3yXfC+cn/FfIJFc2uj8b+D0MNWLQ==
  dependencies:
    "@types/offscreencanvas" "~2019.3.0"
    "@types/seedrandom" "2.4.27"
    "@types/webgl-ext" "0.0.30"
    "@types/webgl2" "0.0.4"
    node-fetch "~2.1.2"
    seedrandom "2.4.3"

"@tensorflow/tfjs-layers@^2.0.1":
  version "2.0.1"
  resolved "https://registry.yarnpkg.com/@tensorflow/tfjs-layers/-/tfjs-layers-2.0.1.tgz#4b48841fe1b2831dabcb06fd7cb69c98c92a4596"
  integrity sha512-ih7/KyhC2Ci/31UfB9frYbqUW59Zj5UVp22apyscyIqrRdBXhVtJIUnd4O5OXis0j9BOdzAQnBoOAa8S/T8JsA==

"@types/offscreencanvas@~2019.3.0":
  version "2019.3.0"
  resolved "https://registry.yarnpkg.com/@types/offscreencanvas/-/offscreencanvas-2019.3.0.tgz#3336428ec7e9180cf4566dfea5da04eb586a6553"
  integrity sha512-esIJx9bQg+QYF0ra8GnvfianIY8qWB0GBx54PK5Eps6m+xTj86KLavHv6qDhzKcu5UUOgNfJ2pWaIIV7TRUd9Q==

"@types/seedrandom@2.4.27":
  version "2.4.27"
  resolved "https://registry.yarnpkg.com/@types/seedrandom/-/seedrandom-2.4.27.tgz#9db563937dd86915f69092bc43259d2f48578e41"
  integrity sha1-nbVjk33YaRX2kJK8QyWdL0hXjkE=

"@types/socket.io-client@^1.4.33":
  version "1.4.33"
  resolved "https://registry.yarnpkg.com/@types/socket.io-client/-/socket.io-client-1.4.33.tgz#8e705b9b3f7fba6cb329d27cd2eda222812adbf1"
  integrity sha512-m4LnxkljsI9fMsjwpW5QhRpMixo2BeeLpFmg0AE+sS4H1pzAd/cs/ftTiL60FLZgfFa8PFRPx5KsHu8O0bADKQ==

"@types/webgl-ext@0.0.30":
  version "0.0.30"
  resolved "https://registry.yarnpkg.com/@types/webgl-ext/-/webgl-ext-0.0.30.tgz#0ce498c16a41a23d15289e0b844d945b25f0fb9d"
  integrity sha512-LKVgNmBxN0BbljJrVUwkxwRYqzsAEPcZOe6S2T6ZaBDIrFp0qu4FNlpc5sM1tGbXUYFgdVQIoeLk1Y1UoblyEg==

"@types/webgl2@0.0.4":
  version "0.0.4"
  resolved "https://registry.yarnpkg.com/@types/webgl2/-/webgl2-0.0.4.tgz#c3b0f9d6b465c66138e84e64cb3bdf8373c2c279"
  integrity sha512-PACt1xdErJbMUOUweSrbVM7gSIYm1vTncW2hF6Os/EeWi6TXYAYMPp+8v6rzHmypE5gHrxaxZNXgMkJVIdZpHw==

after@0.8.2:
  version "0.8.2"
  resolved "https://registry.yarnpkg.com/after/-/after-0.8.2.tgz#fedb394f9f0e02aa9768e702bda23b505fae7e1f"
  integrity sha1-/ts5T58OAqqXaOcCvaI7UF+ufh8=

arraybuffer.slice@~0.0.7:
  version "0.0.7"
  resolved "https://registry.yarnpkg.com/arraybuffer.slice/-/arraybuffer.slice-0.0.7.tgz#3bbc4275dd584cc1b10809b89d4e8b63a69e7675"
  integrity sha512-wGUIVQXuehL5TCqQun8OW81jGzAWycqzFF8lFp+GOM5BXLYj3bKNsYC4daB7n6XjCqxQA/qgTJ+8ANR3acjrog==

async-limiter@~1.0.0:
  version "1.0.1"
  resolved "https://registry.yarnpkg.com/async-limiter/-/async-limiter-1.0.1.tgz#dd379e94f0db8310b08291f9d64c3209766617fd"
  integrity sha512-csOlWGAcRFJaI6m+F2WKdnMKr4HhdhFVBk0H/QbJFMCr+uO2kwohwXQPxw/9OCxp05r5ghVBFSyioixx3gfkNQ==

backo2@1.0.2:
  version "1.0.2"
  resolved "https://registry.yarnpkg.com/backo2/-/backo2-1.0.2.tgz#31ab1ac8b129363463e35b3ebb69f4dfcfba7947"
  integrity sha1-MasayLEpNjRj41s+u2n038+6eUc=

base64-arraybuffer@0.1.5:
  version "0.1.5"
  resolved "https://registry.yarnpkg.com/base64-arraybuffer/-/base64-arraybuffer-0.1.5.tgz#73926771923b5a19747ad666aa5cd4bf9c6e9ce8"
  integrity sha1-c5JncZI7Whl0etZmqlzUv5xunOg=

better-assert@~1.0.0:
  version "1.0.2"
  resolved "https://registry.yarnpkg.com/better-assert/-/better-assert-1.0.2.tgz#40866b9e1b9e0b55b481894311e68faffaebc522"
  integrity sha1-QIZrnhueC1W0gYlDEeaPr/rrxSI=
  dependencies:
    callsite "1.0.0"

blob@0.0.5:
  version "0.0.5"
  resolved "https://registry.yarnpkg.com/blob/-/blob-0.0.5.tgz#d680eeef25f8cd91ad533f5b01eed48e64caf683"
  integrity sha512-gaqbzQPqOoamawKg0LGVd7SzLgXS+JH61oWprSLH+P+abTczqJbhTR8CmJ2u9/bUYNmHTGJx/UEmn6doAvvuig==

callsite@1.0.0:
  version "1.0.0"
  resolved "https://registry.yarnpkg.com/callsite/-/callsite-1.0.0.tgz#280398e5d664bd74038b6f0905153e6e8af1bc20"
  integrity sha1-KAOY5dZkvXQDi28JBRU+borxvCA=

component-bind@1.0.0:
  version "1.0.0"
  resolved "https://registry.yarnpkg.com/component-bind/-/component-bind-1.0.0.tgz#00c608ab7dcd93897c0009651b1d3a8e1e73bbd1"
  integrity sha1-AMYIq33Nk4l8AAllGx06jh5zu9E=

component-emitter@1.2.1:
  version "1.2.1"
  resolved "https://registry.yarnpkg.com/component-emitter/-/component-emitter-1.2.1.tgz#137918d6d78283f7df7a6b7c5a63e140e69425e6"
  integrity sha1-E3kY1teCg/ffemt8WmPhQOaUJeY=

component-emitter@~1.3.0:
  version "1.3.0"
  resolved "https://registry.yarnpkg.com/component-emitter/-/component-emitter-1.3.0.tgz#16e4070fba8ae29b679f2215853ee181ab2eabc0"
  integrity sha512-Rd3se6QB+sO1TwqZjscQrurpEPIfO0/yYnSin6Q/rD3mOutHvUrCAhJub3r90uNb+SESBuE0QYoB90YdfatsRg==

component-inherit@0.0.3:
  version "0.0.3"
  resolved "https://registry.yarnpkg.com/component-inherit/-/component-inherit-0.0.3.tgz#645fc4adf58b72b649d5cae65135619db26ff143"
  integrity sha1-ZF/ErfWLcrZJ1crmUTVhnbJv8UM=

debug@^4.1.1, debug@~4.1.0:
  version "4.1.1"
  resolved "https://registry.yarnpkg.com/debug/-/debug-4.1.1.tgz#3b72260255109c6b589cee050f1d516139664791"
  integrity sha512-pYAIzeRo8J6KPEaJ0VWOh5Pzkbw/RetuzehGM7QRRX5he4fPHx2rdKMB256ehJCkX+XRQm16eZLqLNS8RSZXZw==
  dependencies:
    ms "^2.1.1"

debug@~3.1.0:
  version "3.1.0"
  resolved "https://registry.yarnpkg.com/debug/-/debug-3.1.0.tgz#5bb5a0672628b64149566ba16819e61518c67261"
  integrity sha512-OX8XqP7/1a9cqkxYw2yXss15f26NKWBpDXQd0/uK/KPqdQhxbPa994hnzjcE2VqQpDslf55723cKPUOGSmMY3g==
  dependencies:
    ms "2.0.0"

dequal@^1.0.1:
  version "1.0.1"
  resolved "https://registry.yarnpkg.com/dequal/-/dequal-1.0.1.tgz#dbbf9795ec626e9da8bd68782f4add1d23700d8b"
  integrity sha512-Fx8jxibzkJX2aJgyfSdLhr9tlRoTnHKrRJuu2XHlAgKioN2j19/Bcbe0d4mFXYZ3+wpE2KVobUVTfDutcD17xQ==

engine.io-client@~3.4.0:
  version "3.4.3"
  resolved "https://registry.yarnpkg.com/engine.io-client/-/engine.io-client-3.4.3.tgz#192d09865403e3097e3575ebfeb3861c4d01a66c"
  integrity sha512-0NGY+9hioejTEJCaSJZfWZLk4FPI9dN+1H1C4+wj2iuFba47UgZbJzfWs4aNFajnX/qAaYKbe2lLTfEEWzCmcw==
  dependencies:
    component-emitter "~1.3.0"
    component-inherit "0.0.3"
    debug "~4.1.0"
    engine.io-parser "~2.2.0"
    has-cors "1.1.0"
    indexof "0.0.1"
    parseqs "0.0.5"
    parseuri "0.0.5"
    ws "~6.1.0"
    xmlhttprequest-ssl "~1.5.4"
    yeast "0.1.2"

engine.io-parser@~2.2.0:
  version "2.2.0"
  resolved "https://registry.yarnpkg.com/engine.io-parser/-/engine.io-parser-2.2.0.tgz#312c4894f57d52a02b420868da7b5c1c84af80ed"
  integrity sha512-6I3qD9iUxotsC5HEMuuGsKA0cXerGz+4uGcXQEkfBidgKf0amsjrrtwcbwK/nzpZBxclXlV7gGl9dgWvu4LF6w==
  dependencies:
    after "0.8.2"
    arraybuffer.slice "~0.0.7"
    base64-arraybuffer "0.1.5"
    blob "0.0.5"
    has-binary2 "~1.0.2"

events@^3.1.0:
  version "3.1.0"
  resolved "https://registry.yarnpkg.com/events/-/events-3.1.0.tgz#84279af1b34cb75aa88bf5ff291f6d0bd9b31a59"
  integrity sha512-Rv+u8MLHNOdMjTAFeT3nCjHn2aGlx435FP/sDHNaRhDEMwyI/aB22Kj2qIN8R0cw3z28psEQLYwxVKLsKrMgWg==

feathers-localstorage@^5.1.1:
  version "5.1.1"
  resolved "https://registry.yarnpkg.com/feathers-localstorage/-/feathers-localstorage-5.1.1.tgz#b31fcd7edab526d610326f0e0a0380f727518ac9"
  integrity sha512-Gi9hYCKDwckbljgk+f6mVn7Qt4CdYhnB1Gxjlc6XpND24K6UHZjoCwH7HX/WWINaxcgrmjv72nYiui+q8i5VOg==
  dependencies:
    debug "^4.1.1"
    feathers-memory "^4.1.0"

feathers-memory@^4.1.0:
  version "4.1.0"
  resolved "https://registry.yarnpkg.com/feathers-memory/-/feathers-memory-4.1.0.tgz#3cd70e20ebf1dfe4b996e8bf0a22b65cdb8173a3"
  integrity sha512-tR8DFqLsSk2w7tpSdHjA5RgPHTu3X5R3L3Kob2K+E3b/Q5cDkI6AYQarDQOiwekAyqxkkp/fm7Fg0qYdu4Ua6Q==
  dependencies:
    "@feathersjs/adapter-commons" "^4.3.6"
    "@feathersjs/commons" "^4.3.0"
    "@feathersjs/errors" "^4.3.4"
    sift "^8.5.0"

fsevents@~2.1.2:
  version "2.1.3"
  resolved "https://registry.yarnpkg.com/fsevents/-/fsevents-2.1.3.tgz#fb738703ae8d2f9fe900c33836ddebee8b97f23e"
  integrity sha512-Auw9a4AxqWpa9GUfj370BMPzzyncfBABW8Mab7BGWBYDj4Isgq+cDKtx0i6u9jcX9pQDnswsaaOTgTmA5pEjuQ==

has-binary2@~1.0.2:
  version "1.0.3"
  resolved "https://registry.yarnpkg.com/has-binary2/-/has-binary2-1.0.3.tgz#7776ac627f3ea77250cfc332dab7ddf5e4f5d11d"
  integrity sha512-G1LWKhDSvhGeAQ8mPVQlqNcOB2sJdwATtZKl2pDKKHfpf/rYj24lkinxf69blJbnsvtqqNU+L3SL50vzZhXOnw==
  dependencies:
    isarray "2.0.1"

has-cors@1.1.0:
  version "1.1.0"
  resolved "https://registry.yarnpkg.com/has-cors/-/has-cors-1.1.0.tgz#5e474793f7ea9843d1bb99c23eef49ff126fff39"
  integrity sha1-XkdHk/fqmEPRu5nCPu9J/xJv/zk=

indexof@0.0.1:
  version "0.0.1"
  resolved "https://registry.yarnpkg.com/indexof/-/indexof-0.0.1.tgz#82dc336d232b9062179d05ab3293a66059fd435d"
  integrity sha1-gtwzbSMrkGIXnQWrMpOmYFn9Q10=

isarray@2.0.1:
  version "2.0.1"
  resolved "https://registry.yarnpkg.com/isarray/-/isarray-2.0.1.tgz#a37d94ed9cda2d59865c9f76fe596ee1f338741e"
  integrity sha1-o32U7ZzaLVmGXJ92/llu4fM4dB4=

lodash@^4.17.19:
  version "4.17.19"
  resolved "https://registry.yarnpkg.com/lodash/-/lodash-4.17.19.tgz#e48ddedbe30b3321783c5b4301fbd353bc1e4a4b"
  integrity sha512-JNvd8XER9GQX0v2qJgsaN/mzFCNA5BRe/j8JN9d+tWyGLSodKQHKFicdwNYzWwI3wjRnaKPsGj1XkBjx/F96DQ==

ms@2.0.0:
  version "2.0.0"
  resolved "https://registry.yarnpkg.com/ms/-/ms-2.0.0.tgz#5608aeadfc00be6c2901df5f9861788de0d597c8"
  integrity sha1-VgiurfwAvmwpAd9fmGF4jeDVl8g=

ms@^2.1.1:
  version "2.1.2"
  resolved "https://registry.yarnpkg.com/ms/-/ms-2.1.2.tgz#d09d1f357b443f493382a8eb3ccd183872ae6009"
  integrity sha512-sGkPx+VjMtmA6MX27oA4FBFELFCZZ4S4XqeGOXCv68tT+jb3vk/RyaKWP0PTKyWtmLSM0b+adUTEvbs1PEaH2w==

node-fetch@~2.1.2:
  version "2.1.2"
  resolved "https://registry.yarnpkg.com/node-fetch/-/node-fetch-2.1.2.tgz#ab884e8e7e57e38a944753cec706f788d1768bb5"
  integrity sha1-q4hOjn5X44qUR1POxwb3iNF2i7U=

object-component@0.0.3:
  version "0.0.3"
  resolved "https://registry.yarnpkg.com/object-component/-/object-component-0.0.3.tgz#f0c69aa50efc95b866c186f400a33769cb2f1291"
  integrity sha1-8MaapQ78lbhmwYb0AKM3acsvEpE=

parseqs@0.0.5:
  version "0.0.5"
  resolved "https://registry.yarnpkg.com/parseqs/-/parseqs-0.0.5.tgz#d5208a3738e46766e291ba2ea173684921a8b89d"
  integrity sha1-1SCKNzjkZ2bikbouoXNoSSGouJ0=
  dependencies:
    better-assert "~1.0.0"

parseuri@0.0.5:
  version "0.0.5"
  resolved "https://registry.yarnpkg.com/parseuri/-/parseuri-0.0.5.tgz#80204a50d4dbb779bfdc6ebe2778d90e4bce320a"
  integrity sha1-gCBKUNTbt3m/3G6+J3jZDkvOMgo=
  dependencies:
    better-assert "~1.0.0"

radix-router@^3.0.1:
  version "3.0.1"
  resolved "https://registry.yarnpkg.com/radix-router/-/radix-router-3.0.1.tgz#5522c829f7100e60c58fd1acf8803e0b2b312d97"
  integrity sha512-jpHXHgP+ZmVzEfmZ7WVRSvc/EqMoAqYuMtBsHd9s47Hs9Iy8FDJhkweMrDH0wmdxanLzVIWhq0UpomLXNpW8tg==

rollup@^2.20.0:
  version "2.22.2"
  resolved "https://registry.yarnpkg.com/rollup/-/rollup-2.22.2.tgz#94d51fc8c30a2e545d1ff6358cc4fa14131332ee"
  integrity sha512-2a4Mch4f0W2lEvkPuxtz0GfrtfgLj9bdd/oC9L3LozGOCnmLqO7ivMfKbCJoRgqWIU2UqAcbxRFSwmIKx+uStA==
  optionalDependencies:
    fsevents "~2.1.2"

seedrandom@2.4.3:
  version "2.4.3"
  resolved "https://registry.yarnpkg.com/seedrandom/-/seedrandom-2.4.3.tgz#2438504dad33917314bff18ac4d794f16d6aaecc"
  integrity sha1-JDhQTa0zkXMUv/GKxNeU8W1qrsw=

sift@^13.2.0:
  version "13.2.0"
  resolved "https://registry.yarnpkg.com/sift/-/sift-13.2.0.tgz#37974b86dfce41ac434b6b6752c641aaa91fbd45"
  integrity sha512-tngIupMS8j5oxmd+dwAUMwX1NkHTkYTJFin9qf8hIZV1Euz5p4iclRDmoEIrEI6OsNdVswORbKOe9P6XZgco0A==

sift@^8.5.0:
  version "8.5.1"
  resolved "https://registry.yarnpkg.com/sift/-/sift-8.5.1.tgz#22a29e1a3332e8f8d372dc5999f5cc3093778fe8"
  integrity sha512-um2rEdXrc4YcRMzIliuip4i2o92mJONh5W1VD9vJlm1e0apVqMK4P2ZUijz8BIe1/oYLWmXwXaKFM+fOaO3Ysg==

socket.io-client@^2.3.0:
  version "2.3.0"
  resolved "https://registry.yarnpkg.com/socket.io-client/-/socket.io-client-2.3.0.tgz#14d5ba2e00b9bcd145ae443ab96b3f86cbcc1bb4"
  integrity sha512-cEQQf24gET3rfhxZ2jJ5xzAOo/xhZwK+mOqtGRg5IowZsMgwvHwnf/mCRapAAkadhM26y+iydgwsXGObBB5ZdA==
  dependencies:
    backo2 "1.0.2"
    base64-arraybuffer "0.1.5"
    component-bind "1.0.0"
    component-emitter "1.2.1"
    debug "~4.1.0"
    engine.io-client "~3.4.0"
    has-binary2 "~1.0.2"
    has-cors "1.1.0"
    indexof "0.0.1"
    object-component "0.0.3"
    parseqs "0.0.5"
    parseuri "0.0.5"
    socket.io-parser "~3.3.0"
    to-array "0.1.4"

socket.io-parser@~3.3.0:
  version "3.3.0"
  resolved "https://registry.yarnpkg.com/socket.io-parser/-/socket.io-parser-3.3.0.tgz#2b52a96a509fdf31440ba40fed6094c7d4f1262f"
  integrity sha512-hczmV6bDgdaEbVqhAeVMM/jfUfzuEZHsQg6eOmLgJht6G3mPKMxYm75w2+qhAQZ+4X+1+ATZ+QFKeOZD5riHng==
  dependencies:
    component-emitter "1.2.1"
    debug "~3.1.0"
    isarray "2.0.1"

to-array@0.1.4:
  version "0.1.4"
  resolved "https://registry.yarnpkg.com/to-array/-/to-array-0.1.4.tgz#17e6c11f73dd4f3d74cda7a4ff3238e9ad9bf890"
  integrity sha1-F+bBH3PdTz10zaek/zI46a2b+JA=

uberproto@^2.0.6:
  version "2.0.6"
  resolved "https://registry.yarnpkg.com/uberproto/-/uberproto-2.0.6.tgz#709274d183bce6fb734dfd3880d2086ed72b69e5"
  integrity sha512-68H97HffZoFaa3HFtpstahWorN9dSp5uTU6jo3GjIQ6JkJBR3hC2Nx/e/HFOoYHdUyT/Z1MRWfxN1EiQJZUyCQ==

ws@~6.1.0:
  version "6.1.4"
  resolved "https://registry.yarnpkg.com/ws/-/ws-6.1.4.tgz#5b5c8800afab925e94ccb29d153c8d02c1776ef9"
  integrity sha512-eqZfL+NE/YQc1/ZynhojeV8q+H050oR8AZ2uIev7RU10svA9ZnJUddHcOUZTJLinZ9yEfdA2kSATS2qZK5fhJA==
  dependencies:
    async-limiter "~1.0.0"

xmlhttprequest-ssl@~1.5.4:
  version "1.5.5"
  resolved "https://registry.yarnpkg.com/xmlhttprequest-ssl/-/xmlhttprequest-ssl-1.5.5.tgz#c2876b06168aadc40e57d97e81191ac8f4398b3e"
  integrity sha1-wodrBhaKrcQOV9l+gRkayPQ5iz4=

yeast@0.1.2:
  version "0.1.2"
  resolved "https://registry.yarnpkg.com/yeast/-/yeast-0.1.2.tgz#008e06d8094320c372dbc2f8ed76a0ca6c8ac419"
  integrity sha1-AI4G2AlDIMNy28L47XagymyKxBk=
