# THIS IS AN AUTOGENERATED FILE. DO NOT EDIT THIS FILE DIRECTLY.
# yarn lockfile v1


"@polka/url@^1.0.0-next.9":
  version "1.0.0-next.11"
  resolved "https://registry.yarnpkg.com/@polka/url/-/url-1.0.0-next.11.tgz#aeb16f50649a91af79dbe36574b66d0f9e4d9f71"
  integrity sha512-3NsZsJIA/22P3QUyrEDNA2D133H4j224twJrdipXN38dpnIOzAbUDtOwkcJ5pXmn75w7LSQDjA4tO9dm1XlqlA==

console-clear@^1.1.0:
  version "1.1.1"
  resolved "https://registry.yarnpkg.com/console-clear/-/console-clear-1.1.1.tgz#995e20cbfbf14dd792b672cde387bd128d674bf7"
  integrity sha512-pMD+MVR538ipqkG5JXeOEbKWS5um1H4LUUccUQG68qpeqBYbzYy79Gh55jkd2TtPdRfUaLWdv6LPP//5Zt0aPQ==

fsevents@~2.1.2:
  version "2.1.3"
  resolved "https://registry.yarnpkg.com/fsevents/-/fsevents-2.1.3.tgz#fb738703ae8d2f9fe900c33836ddebee8b97f23e"
  integrity sha512-Auw9a4AxqWpa9GUfj370BMPzzyncfBABW8Mab7BGWBYDj4Isgq+cDKtx0i6u9jcX9pQDnswsaaOTgTmA5pEjuQ==

get-port@^3.2.0:
  version "3.2.0"
  resolved "https://registry.yarnpkg.com/get-port/-/get-port-3.2.0.tgz#dd7ce7de187c06c8bf353796ac71e099f0980ebc"
  integrity sha1-3Xzn3hh8Bsi/NTeWrHHgmfCYDrw=

kleur@^3.0.0:
  version "3.0.3"
  resolved "https://registry.yarnpkg.com/kleur/-/kleur-3.0.3.tgz#a79c9ecc86ee1ce3fa6206d1216c501f147fc07e"
  integrity sha512-eTIzlVOSUR+JxdDFepEYcBMtZ9Qqdef+rnzWdRZuMbOywu5tO2w2N7rqjoANZ5k9vywhL6Br1VRjUIgTQx4E8w==

local-access@^1.0.1:
  version "1.0.1"
  resolved "https://registry.yarnpkg.com/local-access/-/local-access-1.0.1.tgz#5121258146d64e869046c642ea4f1dd39ff942bb"
  integrity sha512-ykt2pgN0aqIy6KQC1CqdWTWkmUwNgaOS6dcpHVjyBJONA+Xi7AtSB1vuxC/U/0tjIP3wcRudwQk1YYzUvzk2bA==

mime@^2.3.1:
  version "2.4.6"
  resolved "https://registry.yarnpkg.com/mime/-/mime-2.4.6.tgz#e5b407c90db442f2beb5b162373d07b69affa4d1"
  integrity sha512-RZKhC3EmpBchfTGBVb8fb+RL2cWyw/32lshnsETttkBAyAUXSGHxbEJWWRXc751DrIxG1q04b8QwMbAwkRPpUA==

mri@^1.1.0:
  version "1.1.5"
  resolved "https://registry.yarnpkg.com/mri/-/mri-1.1.5.tgz#ce21dba2c69f74a9b7cf8a1ec62307e089e223e0"
  integrity sha512-d2RKzMD4JNyHMbnbWnznPaa8vbdlq/4pNZ3IgdaGrVbBhebBsGUUE/6qorTMYNS6TwuH3ilfOlD2bf4Igh8CKg==

rollup@^2.21.0:
  version "2.21.0"
  resolved "https://registry.yarnpkg.com/rollup/-/rollup-2.21.0.tgz#d2e114533812043d5c9b7b0a83f1b2a242e4e1d6"
  integrity sha512-BEGgy+wSzux7Ycq58pRiWEOBZaXRXTuvzl1gsm7gqmsAHxkWf9nyA5V2LN9fGSHhhDQd0/C13iRzSh4bbIpWZQ==
  optionalDependencies:
    fsevents "~2.1.2"

rxjs@^6.6.0:
  version "6.6.0"
  resolved "https://registry.yarnpkg.com/rxjs/-/rxjs-6.6.0.tgz#af2901eedf02e3a83ffa7f886240ff9018bbec84"
  integrity sha512-3HMA8z/Oz61DUHe+SdOiQyzIf4tOx5oQHmMir7IZEu6TMqCLHT4LRcmNaUS0NwOz8VLvmmBduMsoaUvMaIiqzg==
  dependencies:
    tslib "^1.9.0"

sade@^1.6.0:
  version "1.7.3"
  resolved "https://registry.yarnpkg.com/sade/-/sade-1.7.3.tgz#a217ccc4fb4abb2d271648bf48f6628b2636fa1b"
  integrity sha512-m4BctppMvJ60W1dXnHq7jMmFe3hPJZDAH85kQ3ACTo7XZNVUuTItCQ+2HfyaMeV5cKrbw7l4vD/6We3GBxvdJw==
  dependencies:
    mri "^1.1.0"

semiver@^1.0.0:
  version "1.1.0"
  resolved "https://registry.yarnpkg.com/semiver/-/semiver-1.1.0.tgz#9c97fb02c21c7ce4fcf1b73e2c7a24324bdddd5f"
  integrity sha512-QNI2ChmuioGC1/xjyYwyZYADILWyW6AmS1UH6gDj/SFUUUS4MBAWs/7mxnkRPc/F4iHezDP+O8t0dO8WHiEOdg==

sirv-cli@^1.0.3:
  version "1.0.3"
  resolved "https://registry.yarnpkg.com/sirv-cli/-/sirv-cli-1.0.3.tgz#33789a8f9d6dcee2aca2e35c3c97051b462ca00f"
  integrity sha512-pLWMreVMKvK/7Zwdi/8AMjVPaOhkW24a6GRsXtLbvgvbZNHjAb0J8vs3x86ES5radO06AxGRVp8oMWbuf+ExTw==
  dependencies:
    console-clear "^1.1.0"
    get-port "^3.2.0"
    kleur "^3.0.0"
    local-access "^1.0.1"
    sade "^1.6.0"
    semiver "^1.0.0"
    sirv "^1.0.1"
    tinydate "^1.0.0"

sirv@^1.0.1:
  version "1.0.1"
  resolved "https://registry.yarnpkg.com/sirv/-/sirv-1.0.1.tgz#db8272c8940289c594e1371925b3a2da95872113"
  integrity sha512-5prQxJFybxXkI6fGffgiJgnbMmcdGWd2K5NH+yw4zF5GIZCb2PdCb9+1qr1Y+ntNJsIRvJ6hnR+NlI9vdrRL2Q==
  dependencies:
    "@polka/url" "^1.0.0-next.9"
    mime "^2.3.1"
    totalist "^1.0.0"

tinydate@^1.0.0:
  version "1.3.0"
  resolved "https://registry.yarnpkg.com/tinydate/-/tinydate-1.3.0.tgz#e6ca8e5a22b51bb4ea1c3a2a4fd1352dbd4c57fb"
  integrity sha512-7cR8rLy2QhYHpsBDBVYnnWXm8uRTr38RoZakFSW7Bs7PzfMPNZthuMLkwqZv7MTu8lhQ91cOFYS5a7iFj2oR3w==

totalist@^1.0.0:
  version "1.1.0"
  resolved "https://registry.yarnpkg.com/totalist/-/totalist-1.1.0.tgz#a4d65a3e546517701e3e5c37a47a70ac97fe56df"
  integrity sha512-gduQwd1rOdDMGxFG1gEvhV88Oirdo2p+KjoYFU7k2g+i7n6AFFbDQ5kMPUsW0pNbfQsB/cwXvT1i4Bue0s9g5g==

tslib@^1.9.0:
  version "1.13.0"
  resolved "https://registry.yarnpkg.com/tslib/-/tslib-1.13.0.tgz#c881e13cc7015894ed914862d276436fa9a47043"
  integrity sha512-i/6DQjL8Xf3be4K/E6Wgpekn5Qasl1usyw++dAA35Ue5orEn65VIxOA+YvNNl9HV3qv70T7CNwjODHZrLwvd1Q==
